// !$*UTF8*$!
{
	archiveVersion = 1;
	classes = {
	};
	objectVersion = 50;
	objects = {

/* Begin PBXBuildFile section */
		4C43E93E2540991C00A31629 /* AppDelegate.swift in Sources */ = {isa = PBXBuildFile; fileRef = 4C43E93D2540991C00A31629 /* AppDelegate.swift */; };
		4C43E9402540991C00A31629 /* SceneDelegate.swift in Sources */ = {isa = PBXBuildFile; fileRef = 4C43E93F2540991C00A31629 /* SceneDelegate.swift */; };
		4C43E9422540991C00A31629 /* ViewController.swift in Sources */ = {isa = PBXBuildFile; fileRef = 4C43E9412540991C00A31629 /* ViewController.swift */; };
		4C43E9452540991C00A31629 /* Main.storyboard in Resources */ = {isa = PBXBuildFile; fileRef = 4C43E9432540991C00A31629 /* Main.storyboard */; };
		4C43E9472540991E00A31629 /* Assets.xcassets in Resources */ = {isa = PBXBuildFile; fileRef = 4C43E9462540991E00A31629 /* Assets.xcassets */; };
		4C43E94A2540991E00A31629 /* LaunchScreen.storyboard in Resources */ = {isa = PBXBuildFile; fileRef = 4C43E9482540991E00A31629 /* LaunchScreen.storyboard */; };
		4C43E9552540991E00A31629 /* ProductsListTests.swift in Sources */ = {isa = PBXBuildFile; fileRef = 4C43E9542540991E00A31629 /* ProductsListTests.swift */; };
		4C43E9602540991E00A31629 /* ProductsListUITests.swift in Sources */ = {isa = PBXBuildFile; fileRef = 4C43E95F2540991E00A31629 /* ProductsListUITests.swift */; };
/* End PBXBuildFile section */

/* Begin PBXContainerItemProxy section */
		4C43E9512540991E00A31629 /* PBXContainerItemProxy */ = {
			isa = PBXContainerItemProxy;
			containerPortal = 4C43E9322540991B00A31629 /* Project object */;
			proxyType = 1;
			remoteGlobalIDString = 4C43E9392540991C00A31629;
			remoteInfo = ProductsList;
		};
		4C43E95C2540991E00A31629 /* PBXContainerItemProxy */ = {
			isa = PBXContainerItemProxy;
			containerPortal = 4C43E9322540991B00A31629 /* Project object */;
			proxyType = 1;
			remoteGlobalIDString = 4C43E9392540991C00A31629;
			remoteInfo = ProductsList;
		};
/* End PBXContainerItemProxy section */

/* Begin PBXFileReference section */
		4C43E93A2540991C00A31629 /* ProductsList.app */ = {isa = PBXFileReference; explicitFileType = wrapper.application; includeInIndex = 0; path = ProductsList.app; sourceTree = BUILT_PRODUCTS_DIR; };
		4C43E93D2540991C00A31629 /* AppDelegate.swift */ = {isa = PBXFileReference; lastKnownFileType = sourcecode.swift; path = AppDelegate.swift; sourceTree = "<group>"; };
		4C43E93F2540991C00A31629 /* SceneDelegate.swift */ = {isa = PBXFileReference; lastKnownFileType = sourcecode.swift; path = SceneDelegate.swift; sourceTree = "<group>"; };
		4C43E9412540991C00A31629 /* ViewController.swift */ = {isa = PBXFileReference; lastKnownFileType = sourcecode.swift; path = ViewController.swift; sourceTree = "<group>"; };
		4C43E9442540991C00A31629 /* Base */ = {isa = PBXFileReference; lastKnownFileType = file.storyboard; name = Base; path = Base.lproj/Main.storyboard; sourceTree = "<group>"; };
		4C43E9462540991E00A31629 /* Assets.xcassets */ = {isa = PBXFileReference; lastKnownFileType = folder.assetcatalog; path = Assets.xcassets; sourceTree = "<group>"; };
		4C43E9492540991E00A31629 /* Base */ = {isa = PBXFileReference; lastKnownFileType = file.storyboard; name = Base; path = Base.lproj/LaunchScreen.storyboard; sourceTree = "<group>"; };
		4C43E94B2540991E00A31629 /* Info.plist */ = {isa = PBXFileReference; lastKnownFileType = text.plist.xml; path = Info.plist; sourceTree = "<group>"; };
		4C43E9502540991E00A31629 /* ProductsListTests.xctest */ = {isa = PBXFileReference; explicitFileType = wrapper.cfbundle; includeInIndex = 0; path = ProductsListTests.xctest; sourceTree = BUILT_PRODUCTS_DIR; };
		4C43E9542540991E00A31629 /* ProductsListTests.swift */ = {isa = PBXFileReference; lastKnownFileType = sourcecode.swift; path = ProductsListTests.swift; sourceTree = "<group>"; };
		4C43E9562540991E00A31629 /* Info.plist */ = {isa = PBXFileReference; lastKnownFileType = text.plist.xml; path = Info.plist; sourceTree = "<group>"; };
		4C43E95B2540991E00A31629 /* ProductsListUITests.xctest */ = {isa = PBXFileReference; explicitFileType = wrapper.cfbundle; includeInIndex = 0; path = ProductsListUITests.xctest; sourceTree = BUILT_PRODUCTS_DIR; };
		4C43E95F2540991E00A31629 /* ProductsListUITests.swift */ = {isa = PBXFileReference; lastKnownFileType = sourcecode.swift; path = ProductsListUITests.swift; sourceTree = "<group>"; };
		4C43E9612540991E00A31629 /* Info.plist */ = {isa = PBXFileReference; lastKnownFileType = text.plist.xml; path = Info.plist; sourceTree = "<group>"; };
/* End PBXFileReference section */

/* Begin PBXFrameworksBuildPhase section */
		4C43E9372540991C00A31629 /* Frameworks */ = {
			isa = PBXFrameworksBuildPhase;
			buildActionMask = 2147483647;
			files = (
			);
			runOnlyForDeploymentPostprocessing = 0;
		};
		4C43E94D2540991E00A31629 /* Frameworks */ = {
			isa = PBXFrameworksBuildPhase;
			buildActionMask = 2147483647;
			files = (
			);
			runOnlyForDeploymentPostprocessing = 0;
		};
		4C43E9582540991E00A31629 /* Frameworks */ = {
			isa = PBXFrameworksBuildPhase;
			buildActionMask = 2147483647;
			files = (
			);
			runOnlyForDeploymentPostprocessing = 0;
		};
/* End PBXFrameworksBuildPhase section */

/* Begin PBXGroup section */
		4C43E9312540991B00A31629 = {
			isa = PBXGroup;
			children = (
				4C43E93C2540991C00A31629 /* ProductsList */,
				4C43E9532540991E00A31629 /* ProductsListTests */,
				4C43E95E2540991E00A31629 /* ProductsListUITests */,
				4C43E93B2540991C00A31629 /* Products */,
			);
			sourceTree = "<group>";
		};
		4C43E93B2540991C00A31629 /* Products */ = {
			isa = PBXGroup;
			children = (
				4C43E93A2540991C00A31629 /* ProductsList.app */,
				4C43E9502540991E00A31629 /* ProductsListTests.xctest */,
				4C43E95B2540991E00A31629 /* ProductsListUITests.xctest */,
			);
			name = Products;
			sourceTree = "<group>";
		};
		4C43E93C2540991C00A31629 /* ProductsList */ = {
			isa = PBXGroup;
			children = (
				4C43E93D2540991C00A31629 /* AppDelegate.swift */,
				4C43E93F2540991C00A31629 /* SceneDelegate.swift */,
				4C43E9412540991C00A31629 /* ViewController.swift */,
				4C43E9432540991C00A31629 /* Main.storyboard */,
				4C43E9462540991E00A31629 /* Assets.xcassets */,
				4C43E9482540991E00A31629 /* LaunchScreen.storyboard */,
				4C43E94B2540991E00A31629 /* Info.plist */,
			);
			path = ProductsList;
			sourceTree = "<group>";
		};
		4C43E9532540991E00A31629 /* ProductsListTests */ = {
			isa = PBXGroup;
			children = (
				4C43E9542540991E00A31629 /* ProductsListTests.swift */,
				4C43E9562540991E00A31629 /* Info.plist */,
			);
			path = ProductsListTests;
			sourceTree = "<group>";
		};
		4C43E95E2540991E00A31629 /* ProductsListUITests */ = {
			isa = PBXGroup;
			children = (
				4C43E95F2540991E00A31629 /* ProductsListUITests.swift */,
				4C43E9612540991E00A31629 /* Info.plist */,
			);
			path = ProductsListUITests;
			sourceTree = "<group>";
		};
/* End PBXGroup section */

/* Begin PBXNativeTarget section */
		4C43E9392540991C00A31629 /* ProductsList */ = {
			isa = PBXNativeTarget;
			buildConfigurationList = 4C43E9642540991E00A31629 /* Build configuration list for PBXNativeTarget "ProductsList" */;
			buildPhases = (
				4C43E9362540991C00A31629 /* Sources */,
				4C43E9372540991C00A31629 /* Frameworks */,
				4C43E9382540991C00A31629 /* Resources */,
			);
			buildRules = (
			);
			dependencies = (
			);
			name = ProductsList;
			productName = ProductsList;
			productReference = 4C43E93A2540991C00A31629 /* ProductsList.app */;
			productType = "com.apple.product-type.application";
		};
		4C43E94F2540991E00A31629 /* ProductsListTests */ = {
			isa = PBXNativeTarget;
			buildConfigurationList = 4C43E9672540991E00A31629 /* Build configuration list for PBXNativeTarget "ProductsListTests" */;
			buildPhases = (
				4C43E94C2540991E00A31629 /* Sources */,
				4C43E94D2540991E00A31629 /* Frameworks */,
				4C43E94E2540991E00A31629 /* Resources */,
			);
			buildRules = (
			);
			dependencies = (
				4C43E9522540991E00A31629 /* PBXTargetDependency */,
			);
			name = ProductsListTests;
			productName = ProductsListTests;
			productReference = 4C43E9502540991E00A31629 /* ProductsListTests.xctest */;
			productType = "com.apple.product-type.bundle.unit-test";
		};
		4C43E95A2540991E00A31629 /* ProductsListUITests */ = {
			isa = PBXNativeTarget;
			buildConfigurationList = 4C43E96A2540991E00A31629 /* Build configuration list for PBXNativeTarget "ProductsListUITests" */;
			buildPhases = (
				4C43E9572540991E00A31629 /* Sources */,
				4C43E9582540991E00A31629 /* Frameworks */,
				4C43E9592540991E00A31629 /* Resources */,
			);
			buildRules = (
			);
			dependencies = (
				4C43E95D2540991E00A31629 /* PBXTargetDependency */,
			);
			name = ProductsListUITests;
			productName = ProductsListUITests;
			productReference = 4C43E95B2540991E00A31629 /* ProductsListUITests.xctest */;
			productType = "com.apple.product-type.bundle.ui-testing";
		};
/* End PBXNativeTarget section */

/* Begin PBXProject section */
		4C43E9322540991B00A31629 /* Project object */ = {
			isa = PBXProject;
			attributes = {
				LastSwiftUpdateCheck = 1120;
				LastUpgradeCheck = 1120;
				ORGANIZATIONNAME = "Mohammed hassan";
				TargetAttributes = {
					4C43E9392540991C00A31629 = {
						CreatedOnToolsVersion = 11.2.1;
					};
					4C43E94F2540991E00A31629 = {
						CreatedOnToolsVersion = 11.2.1;
						TestTargetID = 4C43E9392540991C00A31629;
					};
					4C43E95A2540991E00A31629 = {
						CreatedOnToolsVersion = 11.2.1;
						TestTargetID = 4C43E9392540991C00A31629;
					};
				};
			};
			buildConfigurationList = 4C43E9352540991B00A31629 /* Build configuration list for PBXProject "ProductsList" */;
			compatibilityVersion = "Xcode 9.3";
			developmentRegion = en;
			hasScannedForEncodings = 0;
			knownRegions = (
				en,
				Base,
			);
			mainGroup = 4C43E9312540991B00A31629;
			productRefGroup = 4C43E93B2540991C00A31629 /* Products */;
			projectDirPath = "";
			projectRoot = "";
			targets = (
				4C43E9392540991C00A31629 /* ProductsList */,
				4C43E94F2540991E00A31629 /* ProductsListTests */,
				4C43E95A2540991E00A31629 /* ProductsListUITests */,
			);
		};
/* End PBXProject section */

/* Begin PBXResourcesBuildPhase section */
		4C43E9382540991C00A31629 /* Resources */ = {
			isa = PBXResourcesBuildPhase;
			buildActionMask = 2147483647;
			files = (
				4C43E94A2540991E00A31629 /* LaunchScreen.storyboard in Resources */,
				4C43E9472540991E00A31629 /* Assets.xcassets in Resources */,
				4C43E9452540991C00A31629 /* Main.storyboard in Resources */,
			);
			runOnlyForDeploymentPostprocessing = 0;
		};
		4C43E94E2540991E00A31629 /* Resources */ = {
			isa = PBXResourcesBuildPhase;
			buildActionMask = 2147483647;
			files = (
			);
			runOnlyForDeploymentPostprocessing = 0;
		};
		4C43E9592540991E00A31629 /* Resources */ = {
			isa = PBXResourcesBuildPhase;
			buildActionMask = 2147483647;
			files = (
			);
			runOnlyForDeploymentPostprocessing = 0;
		};
/* End PBXResourcesBuildPhase section */

/* Begin PBXSourcesBuildPhase section */
		4C43E9362540991C00A31629 /* Sources */ = {
			isa = PBXSourcesBuildPhase;
			buildActionMask = 2147483647;
			files = (
				4C43E9422540991C00A31629 /* ViewController.swift in Sources */,
				4C43E93E2540991C00A31629 /* AppDelegate.swift in Sources */,
				4C43E9402540991C00A31629 /* SceneDelegate.swift in Sources */,
			);
			runOnlyForDeploymentPostprocessing = 0;
		};
		4C43E94C2540991E00A31629 /* Sources */ = {
			isa = PBXSourcesBuildPhase;
			buildActionMask = 2147483647;
			files = (
				4C43E9552540991E00A31629 /* ProductsListTests.swift in Sources */,
			);
			runOnlyForDeploymentPostprocessing = 0;
		};
		4C43E9572540991E00A31629 /* Sources */ = {
			isa = PBXSourcesBuildPhase;
			buildActionMask = 2147483647;
			files = (
				4C43E9602540991E00A31629 /* ProductsListUITests.swift in Sources */,
			);
			runOnlyForDeploymentPostprocessing = 0;
		};
/* End PBXSourcesBuildPhase section */

/* Begin PBXTargetDependency section */
		4C43E9522540991E00A31629 /* PBXTargetDependency */ = {
			isa = PBXTargetDependency;
			target = 4C43E9392540991C00A31629 /* ProductsList */;
			targetProxy = 4C43E9512540991E00A31629 /* PBXContainerItemProxy */;
		};
		4C43E95D2540991E00A31629 /* PBXTargetDependency */ = {
			isa = PBXTargetDependency;
			target = 4C43E9392540991C00A31629 /* ProductsList */;
			targetProxy = 4C43E95C2540991E00A31629 /* PBXContainerItemProxy */;
		};
/* End PBXTargetDependency section */

/* Begin PBXVariantGroup section */
		4C43E9432540991C00A31629 /* Main.storyboard */ = {
			isa = PBXVariantGroup;
			children = (
				4C43E9442540991C00A31629 /* Base */,
			);
			name = Main.storyboard;
			sourceTree = "<group>";
		};
		4C43E9482540991E00A31629 /* LaunchScreen.storyboard */ = {
			isa = PBXVariantGroup;
			children = (
				4C43E9492540991E00A31629 /* Base */,
			);
			name = LaunchScreen.storyboard;
			sourceTree = "<group>";
		};
/* End PBXVariantGroup section */

/* Begin XCBuildConfiguration section */
		4C43E9622540991E00A31629 /* Debug */ = {
			isa = XCBuildConfiguration;
			buildSettings = {
				ALWAYS_SEARCH_USER_PATHS = NO;
				CLANG_ANALYZER_NONNULL = YES;
				CLANG_ANALYZER_NUMBER_OBJECT_CONVERSION = YES_AGGRESSIVE;
				CLANG_CXX_LANGUAGE_STANDARD = "gnu++14";
				CLANG_CXX_LIBRARY = "libc++";
				CLANG_ENABLE_MODULES = YES;
				CLANG_ENABLE_OBJC_ARC = YES;
				CLANG_ENABLE_OBJC_WEAK = YES;
				CLANG_WARN_BLOCK_CAPTURE_AUTORELEASING = YES;
				CLANG_WARN_BOOL_CONVERSION = YES;
				CLANG_WARN_COMMA = YES;
				CLANG_WARN_CONSTANT_CONVERSION = YES;
				CLANG_WARN_DEPRECATED_OBJC_IMPLEMENTATIONS = YES;
				CLANG_WARN_DIRECT_OBJC_ISA_USAGE = YES_ERROR;
				CLANG_WARN_DOCUMENTATION_COMMENTS = YES;
				CLANG_WARN_EMPTY_BODY = YES;
				CLANG_WARN_ENUM_CONVERSION = YES;
				CLANG_WARN_INFINITE_RECURSION = YES;
				CLANG_WARN_INT_CONVERSION = YES;
				CLANG_WARN_NON_LITERAL_NULL_CONVERSION = YES;
				CLANG_WARN_OBJC_IMPLICIT_RETAIN_SELF = YES;
				CLANG_WARN_OBJC_LITERAL_CONVERSION = YES;
				CLANG_WARN_OBJC_ROOT_CLASS = YES_ERROR;
				CLANG_WARN_RANGE_LOOP_ANALYSIS = YES;
				CLANG_WARN_STRICT_PROTOTYPES = YES;
				CLANG_WARN_SUSPICIOUS_MOVE = YES;
				CLANG_WARN_UNGUARDED_AVAILABILITY = YES_AGGRESSIVE;
				CLANG_WARN_UNREACHABLE_CODE = YES;
				CLANG_WARN__DUPLICATE_METHOD_MATCH = YES;
				COPY_PHASE_STRIP = NO;
				DEBUG_INFORMATION_FORMAT = dwarf;
				ENABLE_STRICT_OBJC_MSGSEND = YES;
				ENABLE_TESTABILITY = YES;
				GCC_C_LANGUAGE_STANDARD = gnu11;
				GCC_DYNAMIC_NO_PIC = NO;
				GCC_NO_COMMON_BLOCKS = YES;
				GCC_OPTIMIZATION_LEVEL = 0;
				GCC_PREPROCESSOR_DEFINITIONS = (
					"DEBUG=1",
					"$(inherited)",
				);
				GCC_WARN_64_TO_32_BIT_CONVERSION = YES;
				GCC_WARN_ABOUT_RETURN_TYPE = YES_ERROR;
				GCC_WARN_UNDECLARED_SELECTOR = YES;
				GCC_WARN_UNINITIALIZED_AUTOS = YES_AGGRESSIVE;
				GCC_WARN_UNUSED_FUNCTION = YES;
				GCC_WARN_UNUSED_VARIABLE = YES;
				IPHONEOS_DEPLOYMENT_TARGET = 13.2;
				MTL_ENABLE_DEBUG_INFO = INCLUDE_SOURCE;
				MTL_FAST_MATH = YES;
				ONLY_ACTIVE_ARCH = YES;
				SDKROOT = iphoneos;
				SWIFT_ACTIVE_COMPILATION_CONDITIONS = DEBUG;
				SWIFT_OPTIMIZATION_LEVEL = "-Onone";
			};
			name = Debug;
		};
		4C43E9632540991E00A31629 /* Release */ = {
			isa = XCBuildConfiguration;
			buildSettings = {
				ALWAYS_SEARCH_USER_PATHS = NO;
				CLANG_ANALYZER_NONNULL = YES;
				CLANG_ANALYZER_NUMBER_OBJECT_CONVERSION = YES_AGGRESSIVE;
				CLANG_CXX_LANGUAGE_STANDARD = "gnu++14";
				CLANG_CXX_LIBRARY = "libc++";
				CLANG_ENABLE_MODULES = YES;
				CLANG_ENABLE_OBJC_ARC = YES;
				CLANG_ENABLE_OBJC_WEAK = YES;
				CLANG_WARN_BLOCK_CAPTURE_AUTORELEASING = YES;
				CLANG_WARN_BOOL_CONVERSION = YES;
				CLANG_WARN_COMMA = YES;
				CLANG_WARN_CONSTANT_CONVERSION = YES;
				CLANG_WARN_DEPRECATED_OBJC_IMPLEMENTATIONS = YES;
				CLANG_WARN_DIRECT_OBJC_ISA_USAGE = YES_ERROR;
				CLANG_WARN_DOCUMENTATION_COMMENTS = YES;
				CLANG_WARN_EMPTY_BODY = YES;
				CLANG_WARN_ENUM_CONVERSION = YES;
				CLANG_WARN_INFINITE_RECURSION = YES;
				CLANG_WARN_INT_CONVERSION = YES;
				CLANG_WARN_NON_LITERAL_NULL_CONVERSION = YES;
				CLANG_WARN_OBJC_IMPLICIT_RETAIN_SELF = YES;
				CLANG_WARN_OBJC_LITERAL_CONVERSION = YES;
				CLANG_WARN_OBJC_ROOT_CLASS = YES_ERROR;
				CLANG_WARN_RANGE_LOOP_ANALYSIS = YES;
				CLANG_WARN_STRICT_PROTOTYPES = YES;
				CLANG_WARN_SUSPICIOUS_MOVE = YES;
				CLANG_WARN_UNGUARDED_AVAILABILITY = YES_AGGRESSIVE;
				CLANG_WARN_UNREACHABLE_CODE = YES;
				CLANG_WARN__DUPLICATE_METHOD_MATCH = YES;
				COPY_PHASE_STRIP = NO;
				DEBUG_INFORMATION_FORMAT = "dwarf-with-dsym";
				ENABLE_NS_ASSERTIONS = NO;
				ENABLE_STRICT_OBJC_MSGSEND = YES;
				GCC_C_LANGUAGE_STANDARD = gnu11;
				GCC_NO_COMMON_BLOCKS = YES;
				GCC_WARN_64_TO_32_BIT_CONVERSION = YES;
				GCC_WARN_ABOUT_RETURN_TYPE = YES_ERROR;
				GCC_WARN_UNDECLARED_SELECTOR = YES;
				GCC_WARN_UNINITIALIZED_AUTOS = YES_AGGRESSIVE;
				GCC_WARN_UNUSED_FUNCTION = YES;
				GCC_WARN_UNUSED_VARIABLE = YES;
				IPHONEOS_DEPLOYMENT_TARGET = 13.2;
				MTL_ENABLE_DEBUG_INFO = NO;
				MTL_FAST_MATH = YES;
				SDKROOT = iphoneos;
				SWIFT_COMPILATION_MODE = wholemodule;
				SWIFT_OPTIMIZATION_LEVEL = "-O";
				VALIDATE_PRODUCT = YES;
			};
			name = Release;
		};
		4C43E9652540991E00A31629 /* Debug */ = {
			isa = XCBuildConfiguration;
			buildSettings = {
				ASSETCATALOG_COMPILER_APPICON_NAME = AppIcon;
				CODE_SIGN_STYLE = Automatic;
				DEVELOPMENT_TEAM = 5QYZH5P9A6;
				INFOPLIST_FILE = ProductsList/Info.plist;
				LD_RUNPATH_SEARCH_PATHS = (
					"$(inherited)",
					"@executable_path/Frameworks",
				);
				PRODUCT_BUNDLE_IDENTIFIER = com.lang.ProductsList;
				PRODUCT_NAME = "$(TARGET_NAME)";
				SWIFT_VERSION = 5.0;
				TARGETED_DEVICE_FAMILY = "1,2";
			};
			name = Debug;
		};
		4C43E9662540991E00A31629 /* Release */ = {
			isa = XCBuildConfiguration;
			buildSettings = {
				ASSETCATALOG_COMPILER_APPICON_NAME = AppIcon;
				CODE_SIGN_STYLE = Automatic;
				DEVELOPMENT_TEAM = 5QYZH5P9A6;
				INFOPLIST_FILE = ProductsList/Info.plist;
				LD_RUNPATH_SEARCH_PATHS = (
					"$(inherited)",
					"@executable_path/Frameworks",
				);
				PRODUCT_BUNDLE_IDENTIFIER = com.lang.ProductsList;
				PRODUCT_NAME = "$(TARGET_NAME)";
				SWIFT_VERSION = 5.0;
				TARGETED_DEVICE_FAMILY = "1,2";
			};
			name = Release;
		};
		4C43E9682540991E00A31629 /* Debug */ = {
			isa = XCBuildConfiguration;
			buildSettings = {
				ALWAYS_EMBED_SWIFT_STANDARD_LIBRARIES = YES;
				BUNDLE_LOADER = "$(TEST_HOST)";
				CODE_SIGN_STYLE = Automatic;
				DEVELOPMENT_TEAM = 5QYZH5P9A6;
				INFOPLIST_FILE = ProductsListTests/Info.plist;
				IPHONEOS_DEPLOYMENT_TARGET = 13.2;
				LD_RUNPATH_SEARCH_PATHS = (
					"$(inherited)",
					"@executable_path/Frameworks",
					"@loader_path/Frameworks",
				);
				PRODUCT_BUNDLE_IDENTIFIER = com.lang.ProductsListTests;
				PRODUCT_NAME = "$(TARGET_NAME)";
				SWIFT_VERSION = 5.0;
				TARGETED_DEVICE_FAMILY = "1,2";
				TEST_HOST = "$(BUILT_PRODUCTS_DIR)/ProductsList.app/ProductsList";
			};
			name = Debug;
		};
		4C43E9692540991E00A31629 /* Release */ = {
			isa = XCBuildConfiguration;
			buildSettings = {
				ALWAYS_EMBED_SWIFT_STANDARD_LIBRARIES = YES;
				BUNDLE_LOADER = "$(TEST_HOST)";
				CODE_SIGN_STYLE = Automatic;
				DEVELOPMENT_TEAM = 5QYZH5P9A6;
				INFOPLIST_FILE = ProductsListTests/Info.plist;
				IPHONEOS_DEPLOYMENT_TARGET = 13.2;
				LD_RUNPATH_SEARCH_PATHS = (
					"$(inherited)",
					"@executable_path/Frameworks",
					"@loader_path/Frameworks",
				);
				PRODUCT_BUNDLE_IDENTIFIER = com.lang.ProductsListTests;
				PRODUCT_NAME = "$(TARGET_NAME)";
				SWIFT_VERSION = 5.0;
				TARGETED_DEVICE_FAMILY = "1,2";
				TEST_HOST = "$(BUILT_PRODUCTS_DIR)/ProductsList.app/ProductsList";
			};
			name = Release;
		};
		4C43E96B2540991E00A31629 /* Debug */ = {
			isa = XCBuildConfiguration;
			buildSettings = {
				ALWAYS_EMBED_SWIFT_STANDARD_LIBRARIES = YES;
				CODE_SIGN_STYLE = Automatic;
				DEVELOPMENT_TEAM = 5QYZH5P9A6;
				INFOPLIST_FILE = ProductsListUITests/Info.plist;
				LD_RUNPATH_SEARCH_PATHS = (
					"$(inherited)",
					"@executable_path/Frameworks",
					"@loader_path/Frameworks",
				);
				PRODUCT_BUNDLE_IDENTIFIER = com.lang.ProductsListUITests;
				PRODUCT_NAME = "$(TARGET_NAME)";
				SWIFT_VERSION = 5.0;
				TARGETED_DEVICE_FAMILY = "1,2";
				TEST_TARGET_NAME = ProductsList;
			};
			name = Debug;
		};
		4C43E96C2540991E00A31629 /* Release */ = {
			isa = XCBuildConfiguration;
			buildSettings = {
				ALWAYS_EMBED_SWIFT_STANDARD_LIBRARIES = YES;
				CODE_SIGN_STYLE = Automatic;
				DEVELOPMENT_TEAM = 5QYZH5P9A6;
				INFOPLIST_FILE = ProductsListUITests/Info.plist;
				LD_RUNPATH_SEARCH_PATHS = (
					"$(inherited)",
					"@executable_path/Frameworks",
					"@loader_path/Frameworks",
				);
				PRODUCT_BUNDLE_IDENTIFIER = com.lang.ProductsListUITests;
				PRODUCT_NAME = "$(TARGET_NAME)";
				SWIFT_VERSION = 5.0;
				TARGETED_DEVICE_FAMILY = "1,2";
				TEST_TARGET_NAME = ProductsList;
			};
			name = Release;
		};
/* End XCBuildConfiguration section */

/* Begin XCConfigurationList section */
		4C43E9352540991B00A31629 /* Build configuration list for PBXProject "ProductsList" */ = {
			isa = XCConfigurationList;
			buildConfigurations = (
				4C43E9622540991E00A31629 /* Debug */,
				4C43E9632540991E00A31629 /* Release */,
			);
			defaultConfigurationIsVisible = 0;
			defaultConfigurationName = Release;
		};
		4C43E9642540991E00A31629 /* Build configuration list for PBXNativeTarget "ProductsList" */ = {
			isa = XCConfigurationList;
			buildConfigurations = (
				4C43E9652540991E00A31629 /* Debug */,
				4C43E9662540991E00A31629 /* Release */,
			);
			defaultConfigurationIsVisible = 0;
			defaultConfigurationName = Release;
		};
		4C43E9672540991E00A31629 /* Build configuration list for PBXNativeTarget "ProductsListTests" */ = {
			isa = XCConfigurationList;
			buildConfigurations = (
				4C43E9682540991E00A31629 /* Debug */,
				4C43E9692540991E00A31629 /* Release */,
			);
			defaultConfigurationIsVisible = 0;
			defaultConfigurationName = Release;
		};
		4C43E96A2540991E00A31629 /* Build configuration list for PBXNativeTarget "ProductsListUITests" */ = {
			isa = XCConfigurationList;
			buildConfigurations = (
				4C43E96B2540991E00A31629 /* Debug */,
				4C43E96C2540991E00A31629 /* Release */,
			);
			defaultConfigurationIsVisible = 0;
			defaultConfigurationName = Release;
		};
/* End XCConfigurationList section */
	};
	rootObject = 4C43E9322540991B00A31629 /* Project object */;
}
